
Microsoft Visual Studio Solution File, Format Version 12.00
# Visual Studio Version 17
VisualStudioVersion = 17.5.33502.453
MinimumVisualStudioVersion = 10.0.40219.1
Project("{8BC9CEB8-8B4A-11D0-8D11-00A0C91BC942}") = "Pointer.cpp", "Pointer.cpp\Pointer.cpp.vcxproj", "{4D743DAE-7096-4701-8BB1-DC1F8DF87368}"
EndProject
Project("{8BC9CEB8-8B4A-11D0-8D11-00A0C91BC942}") = "Pointer2.cpp", "Pointer2.cpp\Pointer2.cpp.vcxproj", "{F1EFE7E3-C300-4E83-8C1F-23FB02B850E7}"
EndProject
Project("{8BC9CEB8-8B4A-11D0-8D11-00A0C91BC942}") = "Pointer3", "Pointer3\Pointer3.vcxproj", "{484CB6C4-811A-44E0-8165-0689E05338CE}"
EndProject
Project("{8BC9CEB8-8B4A-11D0-8D11-00A0C91BC942}") = "friendclass4", "friendclass4\friendclass4.vcxproj", "{695FC71A-C586-4A1F-AA9D-329B8E5327C8}"
EndProject
Global
	GlobalSection(SolutionConfigurationPlatforms) = preSolution
		Debug|x64 = Debug|x64
		Debug|x86 = Debug|x86
		Release|x64 = Release|x64
		Release|x86 = Release|x86
	EndGlobalSection
	GlobalSection(ProjectConfigurationPlatforms) = postSolution
		{4D743DAE-7096-4701-8BB1-DC1F8DF87368}.Debug|x64.ActiveCfg = Debug|x64
		{4D743DAE-7096-4701-8BB1-DC1F8DF87368}.Debug|x64.Build.0 = Debug|x64
		{4D743DAE-7096-4701-8BB1-DC1F8DF87368}.Debug|x86.ActiveCfg = Debug|Win32
		{4D743DAE-7096-4701-8BB1-DC1F8DF87368}.Debug|x86.Build.0 = Debug|Win32
		{4D743DAE-7096-4701-8BB1-DC1F8DF87368}.Release|x64.ActiveCfg = Release|x64
		{4D743DAE-7096-4701-8BB1-DC1F8DF87368}.Release|x64.Build.0 = Release|x64
		{4D743DAE-7096-4701-8BB1-DC1F8DF87368}.Release|x86.ActiveCfg = Release|Win32
		{4D743DAE-7096-4701-8BB1-DC1F8DF87368}.Release|x86.Build.0 = Release|Win32
		{F1EFE7E3-C300-4E83-8C1F-23FB02B850E7}.Debug|x64.ActiveCfg = Debug|x64
		{F1EFE7E3-C300-4E83-8C1F-23FB02B850E7}.Debug|x64.Build.0 = Debug|x64
		{F1EFE7E3-C300-4E83-8C1F-23FB02B850E7}.Debug|x86.ActiveCfg = Debug|Win32
		{F1EFE7E3-C300-4E83-8C1F-23FB02B850E7}.Debug|x86.Build.0 = Debug|Win32
		{F1EFE7E3-C300-4E83-8C1F-23FB02B850E7}.Release|x64.ActiveCfg = Release|x64
		{F1EFE7E3-C300-4E83-8C1F-23FB02B850E7}.Release|x64.Build.0 = Release|x64
		{F1EFE7E3-C300-4E83-8C1F-23FB02B850E7}.Release|x86.ActiveCfg = Release|Win32
		{F1EFE7E3-C300-4E83-8C1F-23FB02B850E7}.Release|x86.Build.0 = Release|Win32
		{484CB6C4-811A-44E0-8165-0689E05338CE}.Debug|x64.ActiveCfg = Debug|x64
		{484CB6C4-811A-44E0-8165-0689E05338CE}.Debug|x64.Build.0 = Debug|x64
		{484CB6C4-811A-44E0-8165-0689E05338CE}.Debug|x86.ActiveCfg = Debug|Win32
		{484CB6C4-811A-44E0-8165-0689E05338CE}.Debug|x86.Build.0 = Debug|Win32
		{484CB6C4-811A-44E0-8165-0689E05338CE}.Release|x64.ActiveCfg = Release|x64
		{484CB6C4-811A-44E0-8165-0689E05338CE}.Release|x64.Build.0 = Release|x64
		{484CB6C4-811A-44E0-8165-0689E05338CE}.Release|x86.ActiveCfg = Release|Win32
		{484CB6C4-811A-44E0-8165-0689E05338CE}.Release|x86.Build.0 = Release|Win32
		{695FC71A-C586-4A1F-AA9D-329B8E5327C8}.Debug|x64.ActiveCfg = Debug|x64
		{695FC71A-C586-4A1F-AA9D-329B8E5327C8}.Debug|x64.Build.0 = Debug|x64
		{695FC71A-C586-4A1F-AA9D-329B8E5327C8}.Debug|x86.ActiveCfg = Debug|Win32
		{695FC71A-C586-4A1F-AA9D-329B8E5327C8}.Debug|x86.Build.0 = Debug|Win32
		{695FC71A-C586-4A1F-AA9D-329B8E5327C8}.Release|x64.ActiveCfg = Release|x64
		{695FC71A-C586-4A1F-AA9D-329B8E5327C8}.Release|x64.Build.0 = Release|x64
		{695FC71A-C586-4A1F-AA9D-329B8E5327C8}.Release|x86.ActiveCfg = Release|Win32
		{695FC71A-C586-4A1F-AA9D-329B8E5327C8}.Release|x86.Build.0 = Release|Win32
	EndGlobalSection
	GlobalSection(SolutionProperties) = preSolution
		HideSolutionNode = FALSE
	EndGlobalSection
	GlobalSection(ExtensibilityGlobals) = postSolution
		SolutionGuid = {918EE1E3-4A61-43D8-BF9C-37C8F0455640}
	EndGlobalSection
EndGlobal
